
Microsoft Visual Studio Solution File, Format Version 12.00
# Visual Studio Version 17
VisualStudioVersion = 17.10.35122.118
MinimumVisualStudioVersion = 10.0.40219.1
Project("{FAE04EC0-301F-11D3-BF4B-00C04F79EFBC}") = "Bank-Project", "Bank-Project.csproj", "{00BA9F6C-AECD-4C94-ABC2-DFE7580DF952}"
EndProject
Global
	GlobalSection(SolutionConfigurationPlatforms) = preSolution
		Debug|Any CPU = Debug|Any CPU
		Release|Any CPU = Release|Any CPU
	EndGlobalSection
	GlobalSection(ProjectConfigurationPlatforms) = postSolution
		{00BA9F6C-AECD-4C94-ABC2-DFE7580DF952}.Debug|Any CPU.ActiveCfg = Debug|Any CPU
		{00BA9F6C-AECD-4C94-ABC2-DFE7580DF952}.Debug|Any CPU.Build.0 = Debug|Any CPU
		{00BA9F6C-AECD-4C94-ABC2-DFE7580DF952}.Release|Any CPU.ActiveCfg = Release|Any CPU
		{00BA9F6C-AECD-4C94-ABC2-DFE7580DF952}.Release|Any CPU.Build.0 = Release|Any CPU
	EndGlobalSection
	GlobalSection(SolutionProperties) = preSolution
		HideSolutionNode = FALSE
	EndGlobalSection
	GlobalSection(ExtensibilityGlobals) = postSolution
		SolutionGuid = {40FA1AD6-0172-419A-9FA1-8106249F3A17}
	EndGlobalSection
EndGlobal
